
Microsoft Visual Studio Solution File, Format Version 12.00
# Visual Studio Version 17
VisualStudioVersion = 17.0.31903.59
MinimumVisualStudioVersion = 10.0.40219.1
Project("{FAE04EC0-301F-11D3-BF4B-00C04F79EFBC}") = "BridgertonGame.Client", "BridgertonGame.Client\BridgertonGame.Client.csproj", "{EB2E0BA4-DD6D-45BD-AA86-3F697E3D9DA7}"
EndProject
Project("{FAE04EC0-301F-11D3-BF4B-00C04F79EFBC}") = "BridgertonGame.Server", "BridgertonGame.Server\BridgertonGame.Server.csproj", "{35230C35-BA3B-4B9E-A6AA-17D459D13D05}"
EndProject
Project("{FAE04EC0-301F-11D3-BF4B-00C04F79EFBC}") = "BridgertonGame.Shared", "BridgertonGame.Shared\BridgertonGame.Shared.csproj", "{F6FE161E-54EF-4B44-9FE7-FD9C22CC18A2}"
EndProject
Global
	GlobalSection(SolutionConfigurationPlatforms) = preSolution
		Debug|Any CPU = Debug|Any CPU
		Debug|x64 = Debug|x64
		Debug|x86 = Debug|x86
		Release|Any CPU = Release|Any CPU
		Release|x64 = Release|x64
		Release|x86 = Release|x86
	EndGlobalSection
	GlobalSection(ProjectConfigurationPlatforms) = postSolution
		{EB2E0BA4-DD6D-45BD-AA86-3F697E3D9DA7}.Debug|Any CPU.ActiveCfg = Debug|Any CPU
		{EB2E0BA4-DD6D-45BD-AA86-3F697E3D9DA7}.Debug|Any CPU.Build.0 = Debug|Any CPU
		{EB2E0BA4-DD6D-45BD-AA86-3F697E3D9DA7}.Debug|x64.ActiveCfg = Debug|Any CPU
		{EB2E0BA4-DD6D-45BD-AA86-3F697E3D9DA7}.Debug|x64.Build.0 = Debug|Any CPU
		{EB2E0BA4-DD6D-45BD-AA86-3F697E3D9DA7}.Debug|x86.ActiveCfg = Debug|Any CPU
		{EB2E0BA4-DD6D-45BD-AA86-3F697E3D9DA7}.Debug|x86.Build.0 = Debug|Any CPU
		{EB2E0BA4-DD6D-45BD-AA86-3F697E3D9DA7}.Release|Any CPU.ActiveCfg = Release|Any CPU
		{EB2E0BA4-DD6D-45BD-AA86-3F697E3D9DA7}.Release|Any CPU.Build.0 = Release|Any CPU
		{EB2E0BA4-DD6D-45BD-AA86-3F697E3D9DA7}.Release|x64.ActiveCfg = Release|Any CPU
		{EB2E0BA4-DD6D-45BD-AA86-3F697E3D9DA7}.Release|x64.Build.0 = Release|Any CPU
		{EB2E0BA4-DD6D-45BD-AA86-3F697E3D9DA7}.Release|x86.ActiveCfg = Release|Any CPU
		{EB2E0BA4-DD6D-45BD-AA86-3F697E3D9DA7}.Release|x86.Build.0 = Release|Any CPU
		{35230C35-BA3B-4B9E-A6AA-17D459D13D05}.Debug|Any CPU.ActiveCfg = Debug|Any CPU
		{35230C35-BA3B-4B9E-A6AA-17D459D13D05}.Debug|Any CPU.Build.0 = Debug|Any CPU
		{35230C35-BA3B-4B9E-A6AA-17D459D13D05}.Debug|x64.ActiveCfg = Debug|Any CPU
		{35230C35-BA3B-4B9E-A6AA-17D459D13D05}.Debug|x64.Build.0 = Debug|Any CPU
		{35230C35-BA3B-4B9E-A6AA-17D459D13D05}.Debug|x86.ActiveCfg = Debug|Any CPU
		{35230C35-BA3B-4B9E-A6AA-17D459D13D05}.Debug|x86.Build.0 = Debug|Any CPU
		{35230C35-BA3B-4B9E-A6AA-17D459D13D05}.Release|Any CPU.ActiveCfg = Release|Any CPU
		{35230C35-BA3B-4B9E-A6AA-17D459D13D05}.Release|Any CPU.Build.0 = Release|Any CPU
		{35230C35-BA3B-4B9E-A6AA-17D459D13D05}.Release|x64.ActiveCfg = Release|Any CPU
		{35230C35-BA3B-4B9E-A6AA-17D459D13D05}.Release|x64.Build.0 = Release|Any CPU
		{35230C35-BA3B-4B9E-A6AA-17D459D13D05}.Release|x86.ActiveCfg = Release|Any CPU
		{35230C35-BA3B-4B9E-A6AA-17D459D13D05}.Release|x86.Build.0 = Release|Any CPU
		{F6FE161E-54EF-4B44-9FE7-FD9C22CC18A2}.Debug|Any CPU.ActiveCfg = Debug|Any CPU
		{F6FE161E-54EF-4B44-9FE7-FD9C22CC18A2}.Debug|Any CPU.Build.0 = Debug|Any CPU
		{F6FE161E-54EF-4B44-9FE7-FD9C22CC18A2}.Debug|x64.ActiveCfg = Debug|Any CPU
		{F6FE161E-54EF-4B44-9FE7-FD9C22CC18A2}.Debug|x64.Build.0 = Debug|Any CPU
		{F6FE161E-54EF-4B44-9FE7-FD9C22CC18A2}.Debug|x86.ActiveCfg = Debug|Any CPU
		{F6FE161E-54EF-4B44-9FE7-FD9C22CC18A2}.Debug|x86.Build.0 = Debug|Any CPU
		{F6FE161E-54EF-4B44-9FE7-FD9C22CC18A2}.Release|Any CPU.ActiveCfg = Release|Any CPU
		{F6FE161E-54EF-4B44-9FE7-FD9C22CC18A2}.Release|Any CPU.Build.0 = Release|Any CPU
		{F6FE161E-54EF-4B44-9FE7-FD9C22CC18A2}.Release|x64.ActiveCfg = Release|Any CPU
		{F6FE161E-54EF-4B44-9FE7-FD9C22CC18A2}.Release|x64.Build.0 = Release|Any CPU
		{F6FE161E-54EF-4B44-9FE7-FD9C22CC18A2}.Release|x86.ActiveCfg = Release|Any CPU
		{F6FE161E-54EF-4B44-9FE7-FD9C22CC18A2}.Release|x86.Build.0 = Release|Any CPU
	EndGlobalSection
	GlobalSection(SolutionProperties) = preSolution
		HideSolutionNode = FALSE
	EndGlobalSection
EndGlobal
